
Microsoft Visual Studio Solution File, Format Version 12.00
# Visual Studio Version 17
VisualStudioVersion = 17.11.35303.130
MinimumVisualStudioVersion = 10.0.40219.1
Project("{888888A0-9F3D-457C-B088-3A5042F75D52}") = "testingparallelism", "testingparallelism\testingparallelism.pyproj", "{6CA09F35-97F0-4832-A5DA-3D877A07AC49}"
EndProject
Global
	GlobalSection(SolutionConfigurationPlatforms) = preSolution
		Debug|Any CPU = Debug|Any CPU
		Release|Any CPU = Release|Any CPU
	EndGlobalSection
	GlobalSection(ProjectConfigurationPlatforms) = postSolution
		{6CA09F35-97F0-4832-A5DA-3D877A07AC49}.Debug|Any CPU.ActiveCfg = Debug|Any CPU
		{6CA09F35-97F0-4832-A5DA-3D877A07AC49}.Release|Any CPU.ActiveCfg = Release|Any CPU
	EndGlobalSection
	GlobalSection(SolutionProperties) = preSolution
		HideSolutionNode = FALSE
	EndGlobalSection
	GlobalSection(ExtensibilityGlobals) = postSolution
		SolutionGuid = {C773F778-54D7-4C4B-B437-05DEC91A4397}
	EndGlobalSection
EndGlobal
